// !$*UTF8*$!
{
	archiveVersion = 1;
	classes = {
	};
	objectVersion = 46;
	objects = {

/* Begin PBXBuildFile section */
		04F7B49A1DE54153006D84B6 /* main.m in Sources */ = {isa = PBXBuildFile; fileRef = 04F7B4991DE54153006D84B6 /* main.m */; };
		04F7B49D1DE54153006D84B6 /* AppDelegate.m in Sources */ = {isa = PBXBuildFile; fileRef = 04F7B49C1DE54153006D84B6 /* AppDelegate.m */; };
		04F7B4A01DE54153006D84B6 /* ViewController.m in Sources */ = {isa = PBXBuildFile; fileRef = 04F7B49F1DE54153006D84B6 /* ViewController.m */; };
		04F7B4A31DE54153006D84B6 /* Main.storyboard in Resources */ = {isa = PBXBuildFile; fileRef = 04F7B4A11DE54153006D84B6 /* Main.storyboard */; };
		04F7B4A51DE54153006D84B6 /* Assets.xcassets in Resources */ = {isa = PBXBuildFile; fileRef = 04F7B4A41DE54153006D84B6 /* Assets.xcassets */; };
		04F7B4A81DE54153006D84B6 /* LaunchScreen.storyboard in Resources */ = {isa = PBXBuildFile; fileRef = 04F7B4A61DE54153006D84B6 /* LaunchScreen.storyboard */; };
		04F7B4B31DE54153006D84B6 /* gitDemoTests.m in Sources */ = {isa = PBXBuildFile; fileRef = 04F7B4B21DE54153006D84B6 /* gitDemoTests.m */; };
		04F7B4BE1DE54153006D84B6 /* gitDemoUITests.m in Sources */ = {isa = PBXBuildFile; fileRef = 04F7B4BD1DE54153006D84B6 /* gitDemoUITests.m */; };
/* End PBXBuildFile section */

/* Begin PBXContainerItemProxy section */
		04F7B4AF1DE54153006D84B6 /* PBXContainerItemProxy */ = {
			isa = PBXContainerItemProxy;
			containerPortal = 04F7B48D1DE54153006D84B6 /* Project object */;
			proxyType = 1;
			remoteGlobalIDString = 04F7B4941DE54153006D84B6;
			remoteInfo = gitDemo;
		};
		04F7B4BA1DE54153006D84B6 /* PBXContainerItemProxy */ = {
			isa = PBXContainerItemProxy;
			containerPortal = 04F7B48D1DE54153006D84B6 /* Project object */;
			proxyType = 1;
			remoteGlobalIDString = 04F7B4941DE54153006D84B6;
			remoteInfo = gitDemo;
		};
/* End PBXContainerItemProxy section */

/* Begin PBXFileReference section */
		04F7B4951DE54153006D84B6 /* gitDemo.app */ = {isa = PBXFileReference; explicitFileType = wrapper.application; includeInIndex = 0; path = gitDemo.app; sourceTree = BUILT_PRODUCTS_DIR; };
		04F7B4991DE54153006D84B6 /* main.m */ = {isa = PBXFileReference; lastKnownFileType = sourcecode.c.objc; path = main.m; sourceTree = "<group>"; };
		04F7B49B1DE54153006D84B6 /* AppDelegate.h */ = {isa = PBXFileReference; lastKnownFileType = sourcecode.c.h; path = AppDelegate.h; sourceTree = "<group>"; };
		04F7B49C1DE54153006D84B6 /* AppDelegate.m */ = {isa = PBXFileReference; lastKnownFileType = sourcecode.c.objc; path = AppDelegate.m; sourceTree = "<group>"; };
		04F7B49E1DE54153006D84B6 /* ViewController.h */ = {isa = PBXFileReference; lastKnownFileType = sourcecode.c.h; path = ViewController.h; sourceTree = "<group>"; };
		04F7B49F1DE54153006D84B6 /* ViewController.m */ = {isa = PBXFileReference; lastKnownFileType = sourcecode.c.objc; path = ViewController.m; sourceTree = "<group>"; };
		04F7B4A21DE54153006D84B6 /* Base */ = {isa = PBXFileReference; lastKnownFileType = file.storyboard; name = Base; path = Base.lproj/Main.storyboard; sourceTree = "<group>"; };
		04F7B4A41DE54153006D84B6 /* Assets.xcassets */ = {isa = PBXFileReference; lastKnownFileType = folder.assetcatalog; path = Assets.xcassets; sourceTree = "<group>"; };
		04F7B4A71DE54153006D84B6 /* Base */ = {isa = PBXFileReference; lastKnownFileType = file.storyboard; name = Base; path = Base.lproj/LaunchScreen.storyboard; sourceTree = "<group>"; };
		04F7B4A91DE54153006D84B6 /* Info.plist */ = {isa = PBXFileReference; lastKnownFileType = text.plist.xml; path = Info.plist; sourceTree = "<group>"; };
		04F7B4AE1DE54153006D84B6 /* gitDemoTests.xctest */ = {isa = PBXFileReference; explicitFileType = wrapper.cfbundle; includeInIndex = 0; path = gitDemoTests.xctest; sourceTree = BUILT_PRODUCTS_DIR; };
		04F7B4B21DE54153006D84B6 /* gitDemoTests.m */ = {isa = PBXFileReference; lastKnownFileType = sourcecode.c.objc; path = gitDemoTests.m; sourceTree = "<group>"; };
		04F7B4B41DE54153006D84B6 /* Info.plist */ = {isa = PBXFileReference; lastKnownFileType = text.plist.xml; path = Info.plist; sourceTree = "<group>"; };
		04F7B4B91DE54153006D84B6 /* gitDemoUITests.xctest */ = {isa = PBXFileReference; explicitFileType = wrapper.cfbundle; includeInIndex = 0; path = gitDemoUITests.xctest; sourceTree = BUILT_PRODUCTS_DIR; };
		04F7B4BD1DE54153006D84B6 /* gitDemoUITests.m */ = {isa = PBXFileReference; lastKnownFileType = sourcecode.c.objc; path = gitDemoUITests.m; sourceTree = "<group>"; };
		04F7B4BF1DE54153006D84B6 /* Info.plist */ = {isa = PBXFileReference; lastKnownFileType = text.plist.xml; path = Info.plist; sourceTree = "<group>"; };
/* End PBXFileReference section */

/* Begin PBXFrameworksBuildPhase section */
		04F7B4921DE54153006D84B6 /* Frameworks */ = {
			isa = PBXFrameworksBuildPhase;
			buildActionMask = 2147483647;
			files = (
			);
			runOnlyForDeploymentPostprocessing = 0;
		};
		04F7B4AB1DE54153006D84B6 /* Frameworks */ = {
			isa = PBXFrameworksBuildPhase;
			buildActionMask = 2147483647;
			files = (
			);
			runOnlyForDeploymentPostprocessing = 0;
		};
		04F7B4B61DE54153006D84B6 /* Frameworks */ = {
			isa = PBXFrameworksBuildPhase;
			buildActionMask = 2147483647;
			files = (
			);
			runOnlyForDeploymentPostprocessing = 0;
		};
/* End PBXFrameworksBuildPhase section */

/* Begin PBXGroup section */
		04F7B48C1DE54153006D84B6 = {
			isa = PBXGroup;
			children = (
				04F7B4971DE54153006D84B6 /* gitDemo */,
				04F7B4B11DE54153006D84B6 /* gitDemoTests */,
				04F7B4BC1DE54153006D84B6 /* gitDemoUITests */,
				04F7B4961DE54153006D84B6 /* Products */,
			);
			sourceTree = "<group>";
		};
		04F7B4961DE54153006D84B6 /* Products */ = {
			isa = PBXGroup;
			children = (
				04F7B4951DE54153006D84B6 /* gitDemo.app */,
				04F7B4AE1DE54153006D84B6 /* gitDemoTests.xctest */,
				04F7B4B91DE54153006D84B6 /* gitDemoUITests.xctest */,
			);
			name = Products;
			sourceTree = "<group>";
		};
		04F7B4971DE54153006D84B6 /* gitDemo */ = {
			isa = PBXGroup;
			children = (
				04F7B49B1DE54153006D84B6 /* AppDelegate.h */,
				04F7B49C1DE54153006D84B6 /* AppDelegate.m */,
				04F7B49E1DE54153006D84B6 /* ViewController.h */,
				04F7B49F1DE54153006D84B6 /* ViewController.m */,
				04F7B4A11DE54153006D84B6 /* Main.storyboard */,
				04F7B4A41DE54153006D84B6 /* Assets.xcassets */,
				04F7B4A61DE54153006D84B6 /* LaunchScreen.storyboard */,
				04F7B4A91DE54153006D84B6 /* Info.plist */,
				04F7B4981DE54153006D84B6 /* Supporting Files */,
			);
			path = gitDemo;
			sourceTree = "<group>";
		};
		04F7B4981DE54153006D84B6 /* Supporting Files */ = {
			isa = PBXGroup;
			children = (
				04F7B4991DE54153006D84B6 /* main.m */,
			);
			name = "Supporting Files";
			sourceTree = "<group>";
		};
		04F7B4B11DE54153006D84B6 /* gitDemoTests */ = {
			isa = PBXGroup;
			children = (
				04F7B4B21DE54153006D84B6 /* gitDemoTests.m */,
				04F7B4B41DE54153006D84B6 /* Info.plist */,
			);
			path = gitDemoTests;
			sourceTree = "<group>";
		};
		04F7B4BC1DE54153006D84B6 /* gitDemoUITests */ = {
			isa = PBXGroup;
			children = (
				04F7B4BD1DE54153006D84B6 /* gitDemoUITests.m */,
				04F7B4BF1DE54153006D84B6 /* Info.plist */,
			);
			path = gitDemoUITests;
			sourceTree = "<group>";
		};
/* End PBXGroup section */

/* Begin PBXNativeTarget section */
		04F7B4941DE54153006D84B6 /* gitDemo */ = {
			isa = PBXNativeTarget;
			buildConfigurationList = 04F7B4C21DE54153006D84B6 /* Build configuration list for PBXNativeTarget "gitDemo" */;
			buildPhases = (
				04F7B4911DE54153006D84B6 /* Sources */,
				04F7B4921DE54153006D84B6 /* Frameworks */,
				04F7B4931DE54153006D84B6 /* Resources */,
			);
			buildRules = (
			);
			dependencies = (
			);
			name = gitDemo;
			productName = gitDemo;
			productReference = 04F7B4951DE54153006D84B6 /* gitDemo.app */;
			productType = "com.apple.product-type.application";
		};
		04F7B4AD1DE54153006D84B6 /* gitDemoTests */ = {
			isa = PBXNativeTarget;
			buildConfigurationList = 04F7B4C51DE54153006D84B6 /* Build configuration list for PBXNativeTarget "gitDemoTests" */;
			buildPhases = (
				04F7B4AA1DE54153006D84B6 /* Sources */,
				04F7B4AB1DE54153006D84B6 /* Frameworks */,
				04F7B4AC1DE54153006D84B6 /* Resources */,
			);
			buildRules = (
			);
			dependencies = (
				04F7B4B01DE54153006D84B6 /* PBXTargetDependency */,
			);
			name = gitDemoTests;
			productName = gitDemoTests;
			productReference = 04F7B4AE1DE54153006D84B6 /* gitDemoTests.xctest */;
			productType = "com.apple.product-type.bundle.unit-test";
		};
		04F7B4B81DE54153006D84B6 /* gitDemoUITests */ = {
			isa = PBXNativeTarget;
			buildConfigurationList = 04F7B4C81DE54153006D84B6 /* Build configuration list for PBXNativeTarget "gitDemoUITests" */;
			buildPhases = (
				04F7B4B51DE54153006D84B6 /* Sources */,
				04F7B4B61DE54153006D84B6 /* Frameworks */,
				04F7B4B71DE54153006D84B6 /* Resources */,
			);
			buildRules = (
			);
			dependencies = (
				04F7B4BB1DE54153006D84B6 /* PBXTargetDependency */,
			);
			name = gitDemoUITests;
			productName = gitDemoUITests;
			productReference = 04F7B4B91DE54153006D84B6 /* gitDemoUITests.xctest */;
			productType = "com.apple.product-type.bundle.ui-testing";
		};
/* End PBXNativeTarget section */

/* Begin PBXProject section */
		04F7B48D1DE54153006D84B6 /* Project object */ = {
			isa = PBXProject;
			attributes = {
				LastUpgradeCheck = 0720;
				ORGANIZATIONNAME = LZY;
				TargetAttributes = {
					04F7B4941DE54153006D84B6 = {
						CreatedOnToolsVersion = 7.2;
					};
					04F7B4AD1DE54153006D84B6 = {
						CreatedOnToolsVersion = 7.2;
						TestTargetID = 04F7B4941DE54153006D84B6;
					};
					04F7B4B81DE54153006D84B6 = {
						CreatedOnToolsVersion = 7.2;
						TestTargetID = 04F7B4941DE54153006D84B6;
					};
				};
			};
			buildConfigurationList = 04F7B4901DE54153006D84B6 /* Build configuration list for PBXProject "gitDemo" */;
			compatibilityVersion = "Xcode 3.2";
			developmentRegion = English;
			hasScannedForEncodings = 0;
			knownRegions = (
				en,
				Base,
			);
			mainGroup = 04F7B48C1DE54153006D84B6;
			productRefGroup = 04F7B4961DE54153006D84B6 /* Products */;
			projectDirPath = "";
			projectRoot = "";
			targets = (
				04F7B4941DE54153006D84B6 /* gitDemo */,
				04F7B4AD1DE54153006D84B6 /* gitDemoTests */,
				04F7B4B81DE54153006D84B6 /* gitDemoUITests */,
			);
		};
/* End PBXProject section */

/* Begin PBXResourcesBuildPhase section */
		04F7B4931DE54153006D84B6 /* Resources */ = {
			isa = PBXResourcesBuildPhase;
			buildActionMask = 2147483647;
			files = (
				04F7B4A81DE54153006D84B6 /* LaunchScreen.storyboard in Resources */,
				04F7B4A51DE54153006D84B6 /* Assets.xcassets in Resources */,
				04F7B4A31DE54153006D84B6 /* Main.storyboard in Resources */,
			);
			runOnlyForDeploymentPostprocessing = 0;
		};
		04F7B4AC1DE54153006D84B6 /* Resources */ = {
			isa = PBXResourcesBuildPhase;
			buildActionMask = 2147483647;
			files = (
			);
			runOnlyForDeploymentPostprocessing = 0;
		};
		04F7B4B71DE54153006D84B6 /* Resources */ = {
			isa = PBXResourcesBuildPhase;
			buildActionMask = 2147483647;
			files = (
			);
			runOnlyForDeploymentPostprocessing = 0;
		};
/* End PBXResourcesBuildPhase section */

/* Begin PBXSourcesBuildPhase section */
		04F7B4911DE54153006D84B6 /* Sources */ = {
			isa = PBXSourcesBuildPhase;
			buildActionMask = 2147483647;
			files = (
				04F7B4A01DE54153006D84B6 /* ViewController.m in Sources */,
				04F7B49D1DE54153006D84B6 /* AppDelegate.m in Sources */,
				04F7B49A1DE54153006D84B6 /* main.m in Sources */,
			);
			runOnlyForDeploymentPostprocessing = 0;
		};
		04F7B4AA1DE54153006D84B6 /* Sources */ = {
			isa = PBXSourcesBuildPhase;
			buildActionMask = 2147483647;
			files = (
				04F7B4B31DE54153006D84B6 /* gitDemoTests.m in Sources */,
			);
			runOnlyForDeploymentPostprocessing = 0;
		};
		04F7B4B51DE54153006D84B6 /* Sources */ = {
			isa = PBXSourcesBuildPhase;
			buildActionMask = 2147483647;
			files = (
				04F7B4BE1DE54153006D84B6 /* gitDemoUITests.m in Sources */,
			);
			runOnlyForDeploymentPostprocessing = 0;
		};
/* End PBXSourcesBuildPhase section */

/* Begin PBXTargetDependency section */
		04F7B4B01DE54153006D84B6 /* PBXTargetDependency */ = {
			isa = PBXTargetDependency;
			target = 04F7B4941DE54153006D84B6 /* gitDemo */;
			targetProxy = 04F7B4AF1DE54153006D84B6 /* PBXContainerItemProxy */;
		};
		04F7B4BB1DE54153006D84B6 /* PBXTargetDependency */ = {
			isa = PBXTargetDependency;
			target = 04F7B4941DE54153006D84B6 /* gitDemo */;
			targetProxy = 04F7B4BA1DE54153006D84B6 /* PBXContainerItemProxy */;
		};
/* End PBXTargetDependency section */

/* Begin PBXVariantGroup section */
		04F7B4A11DE54153006D84B6 /* Main.storyboard */ = {
			isa = PBXVariantGroup;
			children = (
				04F7B4A21DE54153006D84B6 /* Base */,
			);
			name = Main.storyboard;
			sourceTree = "<group>";
		};
		04F7B4A61DE54153006D84B6 /* LaunchScreen.storyboard */ = {
			isa = PBXVariantGroup;
			children = (
				04F7B4A71DE54153006D84B6 /* Base */,
			);
			name = LaunchScreen.storyboard;
			sourceTree = "<group>";
		};
/* End PBXVariantGroup section */

/* Begin XCBuildConfiguration section */
		04F7B4C01DE54153006D84B6 /* Debug */ = {
			isa = XCBuildConfiguration;
			buildSettings = {
				ALWAYS_SEARCH_USER_PATHS = NO;
				CLANG_CXX_LANGUAGE_STANDARD = "gnu++0x";
				CLANG_CXX_LIBRARY = "libc++";
				CLANG_ENABLE_MODULES = YES;
				CLANG_ENABLE_OBJC_ARC = YES;
				CLANG_WARN_BOOL_CONVERSION = YES;
				CLANG_WARN_CONSTANT_CONVERSION = YES;
				CLANG_WARN_DIRECT_OBJC_ISA_USAGE = YES_ERROR;
				CLANG_WARN_EMPTY_BODY = YES;
				CLANG_WARN_ENUM_CONVERSION = YES;
				CLANG_WARN_INT_CONVERSION = YES;
				CLANG_WARN_OBJC_ROOT_CLASS = YES_ERROR;
				CLANG_WARN_UNREACHABLE_CODE = YES;
				CLANG_WARN__DUPLICATE_METHOD_MATCH = YES;
				"CODE_SIGN_IDENTITY[sdk=iphoneos*]" = "iPhone Developer";
				COPY_PHASE_STRIP = NO;
				DEBUG_INFORMATION_FORMAT = dwarf;
				ENABLE_STRICT_OBJC_MSGSEND = YES;
				ENABLE_TESTABILITY = YES;
				GCC_C_LANGUAGE_STANDARD = gnu99;
				GCC_DYNAMIC_NO_PIC = NO;
				GCC_NO_COMMON_BLOCKS = YES;
				GCC_OPTIMIZATION_LEVEL = 0;
				GCC_PREPROCESSOR_DEFINITIONS = (
					"DEBUG=1",
					"$(inherited)",
				);
				GCC_WARN_64_TO_32_BIT_CONVERSION = YES;
				GCC_WARN_ABOUT_RETURN_TYPE = YES_ERROR;
				GCC_WARN_UNDECLARED_SELECTOR = YES;
				GCC_WARN_UNINITIALIZED_AUTOS = YES_AGGRESSIVE;
				GCC_WARN_UNUSED_FUNCTION = YES;
				GCC_WARN_UNUSED_VARIABLE = YES;
				IPHONEOS_DEPLOYMENT_TARGET = 9.2;
				MTL_ENABLE_DEBUG_INFO = YES;
				ONLY_ACTIVE_ARCH = YES;
				SDKROOT = iphoneos;
				TARGETED_DEVICE_FAMILY = "1,2";
			};
			name = Debug;
		};
		04F7B4C11DE54153006D84B6 /* Release */ = {
			isa = XCBuildConfiguration;
			buildSettings = {
				ALWAYS_SEARCH_USER_PATHS = NO;
				CLANG_CXX_LANGUAGE_STANDARD = "gnu++0x";
				CLANG_CXX_LIBRARY = "libc++";
				CLANG_ENABLE_MODULES = YES;
				CLANG_ENABLE_OBJC_ARC = YES;
				CLANG_WARN_BOOL_CONVERSION = YES;
				CLANG_WARN_CONSTANT_CONVERSION = YES;
				CLANG_WARN_DIRECT_OBJC_ISA_USAGE = YES_ERROR;
				CLANG_WARN_EMPTY_BODY = YES;
				CLANG_WARN_ENUM_CONVERSION = YES;
				CLANG_WARN_INT_CONVERSION = YES;
				CLANG_WARN_OBJC_ROOT_CLASS = YES_ERROR;
				CLANG_WARN_UNREACHABLE_CODE = YES;
				CLANG_WARN__DUPLICATE_METHOD_MATCH = YES;
				"CODE_SIGN_IDENTITY[sdk=iphoneos*]" = "iPhone Developer";
				COPY_PHASE_STRIP = NO;
				DEBUG_INFORMATION_FORMAT = "dwarf-with-dsym";
				ENABLE_NS_ASSERTIONS = NO;
				ENABLE_STRICT_OBJC_MSGSEND = YES;
				GCC_C_LANGUAGE_STANDARD = gnu99;
				GCC_NO_COMMON_BLOCKS = YES;
				GCC_WARN_64_TO_32_BIT_CONVERSION = YES;
				GCC_WARN_ABOUT_RETURN_TYPE = YES_ERROR;
				GCC_WARN_UNDECLARED_SELECTOR = YES;
				GCC_WARN_UNINITIALIZED_AUTOS = YES_AGGRESSIVE;
				GCC_WARN_UNUSED_FUNCTION = YES;
				GCC_WARN_UNUSED_VARIABLE = YES;
				IPHONEOS_DEPLOYMENT_TARGET = 9.2;
				MTL_ENABLE_DEBUG_INFO = NO;
				SDKROOT = iphoneos;
				TARGETED_DEVICE_FAMILY = "1,2";
				VALIDATE_PRODUCT = YES;
			};
			name = Release;
		};
		04F7B4C31DE54153006D84B6 /* Debug */ = {
			isa = XCBuildConfiguration;
			buildSettings = {
				ASSETCATALOG_COMPILER_APPICON_NAME = AppIcon;
				INFOPLIST_FILE = gitDemo/Info.plist;
				LD_RUNPATH_SEARCH_PATHS = "$(inherited) @executable_path/Frameworks";
				PRODUCT_BUNDLE_IDENTIFIER = zhiyou.com.gitDemo;
				PRODUCT_NAME = "$(TARGET_NAME)";
			};
			name = Debug;
		};
		04F7B4C41DE54153006D84B6 /* Release */ = {
			isa = XCBuildConfiguration;
			buildSettings = {
				ASSETCATALOG_COMPILER_APPICON_NAME = AppIcon;
				INFOPLIST_FILE = gitDemo/Info.plist;
				LD_RUNPATH_SEARCH_PATHS = "$(inherited) @executable_path/Frameworks";
				PRODUCT_BUNDLE_IDENTIFIER = zhiyou.com.gitDemo;
				PRODUCT_NAME = "$(TARGET_NAME)";
			};
			name = Release;
		};
		04F7B4C61DE54153006D84B6 /* Debug */ = {
			isa = XCBuildConfiguration;
			buildSettings = {
				BUNDLE_LOADER = "$(TEST_HOST)";
				INFOPLIST_FILE = gitDemoTests/Info.plist;
				LD_RUNPATH_SEARCH_PATHS = "$(inherited) @executable_path/Frameworks @loader_path/Frameworks";
				PRODUCT_BUNDLE_IDENTIFIER = zhiyou.com.gitDemoTests;
				PRODUCT_NAME = "$(TARGET_NAME)";
				TEST_HOST = "$(BUILT_PRODUCTS_DIR)/gitDemo.app/gitDemo";
			};
			name = Debug;
		};
		04F7B4C71DE54153006D84B6 /* Release */ = {
			isa = XCBuildConfiguration;
			buildSettings = {
				BUNDLE_LOADER = "$(TEST_HOST)";
				INFOPLIST_FILE = gitDemoTests/Info.plist;
				LD_RUNPATH_SEARCH_PATHS = "$(inherited) @executable_path/Frameworks @loader_path/Frameworks";
				PRODUCT_BUNDLE_IDENTIFIER = zhiyou.com.gitDemoTests;
				PRODUCT_NAME = "$(TARGET_NAME)";
				TEST_HOST = "$(BUILT_PRODUCTS_DIR)/gitDemo.app/gitDemo";
			};
			name = Release;
		};
		04F7B4C91DE54153006D84B6 /* Debug */ = {
			isa = XCBuildConfiguration;
			buildSettings = {
				INFOPLIST_FILE = gitDemoUITests/Info.plist;
				LD_RUNPATH_SEARCH_PATHS = "$(inherited) @executable_path/Frameworks @loader_path/Frameworks";
				PRODUCT_BUNDLE_IDENTIFIER = zhiyou.com.gitDemoUITests;
				PRODUCT_NAME = "$(TARGET_NAME)";
				TEST_TARGET_NAME = gitDemo;
				USES_XCTRUNNER = YES;
			};
			name = Debug;
		};
		04F7B4CA1DE54153006D84B6 /* Release */ = {
			isa = XCBuildConfiguration;
			buildSettings = {
				INFOPLIST_FILE = gitDemoUITests/Info.plist;
				LD_RUNPATH_SEARCH_PATHS = "$(inherited) @executable_path/Frameworks @loader_path/Frameworks";
				PRODUCT_BUNDLE_IDENTIFIER = zhiyou.com.gitDemoUITests;
				PRODUCT_NAME = "$(TARGET_NAME)";
				TEST_TARGET_NAME = gitDemo;
				USES_XCTRUNNER = YES;
			};
			name = Release;
		};
/* End XCBuildConfiguration section */

/* Begin XCConfigurationList section */
		04F7B4901DE54153006D84B6 /* Build configuration list for PBXProject "gitDemo" */ = {
			isa = XCConfigurationList;
			buildConfigurations = (
				04F7B4C01DE54153006D84B6 /* Debug */,
				04F7B4C11DE54153006D84B6 /* Release */,
			);
			defaultConfigurationIsVisible = 0;
			defaultConfigurationName = Release;
		};
		04F7B4C21DE54153006D84B6 /* Build configuration list for PBXNativeTarget "gitDemo" */ = {
			isa = XCConfigurationList;
			buildConfigurations = (
				04F7B4C31DE54153006D84B6 /* Debug */,
				04F7B4C41DE54153006D84B6 /* Release */,
			);
			defaultConfigurationIsVisible = 0;
		};
		04F7B4C51DE54153006D84B6 /* Build configuration list for PBXNativeTarget "gitDemoTests" */ = {
			isa = XCConfigurationList;
			buildConfigurations = (
				04F7B4C61DE54153006D84B6 /* Debug */,
				04F7B4C71DE54153006D84B6 /* Release */,
			);
			defaultConfigurationIsVisible = 0;
		};
		04F7B4C81DE54153006D84B6 /* Build configuration list for PBXNativeTarget "gitDemoUITests" */ = {
			isa = XCConfigurationList;
			buildConfigurations = (
				04F7B4C91DE54153006D84B6 /* Debug */,
				04F7B4CA1DE54153006D84B6 /* Release */,
			);
			defaultConfigurationIsVisible = 0;
		};
/* End XCConfigurationList section */
	};
	rootObject = 04F7B48D1DE54153006D84B6 /* Project object */;
}
